
Microsoft Visual Studio Solution File, Format Version 12.00
# Visual Studio Version 17
VisualStudioVersion = 17.14.36109.1 d17.14
MinimumVisualStudioVersion = 10.0.40219.1
Project("{FAE04EC0-301F-11D3-BF4B-00C04F79EFBC}") = "student2", "student2\student2.csproj", "{CA2ACE31-4026-45BD-A916-063A76C08CF1}"
EndProject
Global
	GlobalSection(SolutionConfigurationPlatforms) = preSolution
		Debug|Any CPU = Debug|Any CPU
		Release|Any CPU = Release|Any CPU
	EndGlobalSection
	GlobalSection(ProjectConfigurationPlatforms) = postSolution
		{CA2ACE31-4026-45BD-A916-063A76C08CF1}.Debug|Any CPU.ActiveCfg = Debug|Any CPU
		{CA2ACE31-4026-45BD-A916-063A76C08CF1}.Debug|Any CPU.Build.0 = Debug|Any CPU
		{CA2ACE31-4026-45BD-A916-063A76C08CF1}.Release|Any CPU.ActiveCfg = Release|Any CPU
		{CA2ACE31-4026-45BD-A916-063A76C08CF1}.Release|Any CPU.Build.0 = Release|Any CPU
	EndGlobalSection
	GlobalSection(SolutionProperties) = preSolution
		HideSolutionNode = FALSE
	EndGlobalSection
	GlobalSection(ExtensibilityGlobals) = postSolution
		SolutionGuid = {ADC64D40-4693-41D4-BF57-B33D9DB8D96A}
	EndGlobalSection
EndGlobal
